
Microsoft Visual Studio Solution File, Format Version 12.00
# Visual Studio Version 16
VisualStudioVersion = 16.0.29519.161
MinimumVisualStudioVersion = 10.0.40219.1
Project("{F184B08F-C81C-45F6-A57F-5ABD9991F28F}") = "Siso监视器", "Siso监视器\Siso监视器.vbproj", "{CD2ED17A-5BF3-43DB-9EEF-CB7C8DA6078C}"
EndProject
Project("{778DAE3C-4631-46EA-AA77-85C1314464D9}") = "Siso库", "Siso库\Siso库.vbproj", "{585A3370-FCBB-4A54-97C3-729EE1B0BF29}"
EndProject
Project("{F184B08F-C81C-45F6-A57F-5ABD9991F28F}") = "Api测试", "Api测试\Api测试.vbproj", "{2EC30A7A-EE5B-417E-A582-D822D8EFE5BB}"
EndProject
Project("{778DAE3C-4631-46EA-AA77-85C1314464D9}") = "CppDllAdapter", "CppDllAdapter\CppDllAdapter.vbproj", "{A828846C-3D34-4BA8-BE99-46B61EE4F852}"
EndProject
Global
	GlobalSection(SolutionConfigurationPlatforms) = preSolution
		Debug|Any CPU = Debug|Any CPU
		Debug|ARM = Debug|ARM
		Debug|ARM64 = Debug|ARM64
		Debug|x64 = Debug|x64
		Debug|x86 = Debug|x86
		Release|Any CPU = Release|Any CPU
		Release|ARM = Release|ARM
		Release|ARM64 = Release|ARM64
		Release|x64 = Release|x64
		Release|x86 = Release|x86
	EndGlobalSection
	GlobalSection(ProjectConfigurationPlatforms) = postSolution
		{CD2ED17A-5BF3-43DB-9EEF-CB7C8DA6078C}.Debug|Any CPU.ActiveCfg = Debug|x86
		{CD2ED17A-5BF3-43DB-9EEF-CB7C8DA6078C}.Debug|ARM.ActiveCfg = Debug|ARM
		{CD2ED17A-5BF3-43DB-9EEF-CB7C8DA6078C}.Debug|ARM.Build.0 = Debug|ARM
		{CD2ED17A-5BF3-43DB-9EEF-CB7C8DA6078C}.Debug|ARM.Deploy.0 = Debug|ARM
		{CD2ED17A-5BF3-43DB-9EEF-CB7C8DA6078C}.Debug|ARM64.ActiveCfg = Debug|ARM64
		{CD2ED17A-5BF3-43DB-9EEF-CB7C8DA6078C}.Debug|ARM64.Build.0 = Debug|ARM64
		{CD2ED17A-5BF3-43DB-9EEF-CB7C8DA6078C}.Debug|ARM64.Deploy.0 = Debug|ARM64
		{CD2ED17A-5BF3-43DB-9EEF-CB7C8DA6078C}.Debug|x64.ActiveCfg = Debug|x64
		{CD2ED17A-5BF3-43DB-9EEF-CB7C8DA6078C}.Debug|x64.Build.0 = Debug|x64
		{CD2ED17A-5BF3-43DB-9EEF-CB7C8DA6078C}.Debug|x64.Deploy.0 = Debug|x64
		{CD2ED17A-5BF3-43DB-9EEF-CB7C8DA6078C}.Debug|x86.ActiveCfg = Debug|x86
		{CD2ED17A-5BF3-43DB-9EEF-CB7C8DA6078C}.Debug|x86.Build.0 = Debug|x86
		{CD2ED17A-5BF3-43DB-9EEF-CB7C8DA6078C}.Debug|x86.Deploy.0 = Debug|x86
		{CD2ED17A-5BF3-43DB-9EEF-CB7C8DA6078C}.Release|Any CPU.ActiveCfg = Release|x86
		{CD2ED17A-5BF3-43DB-9EEF-CB7C8DA6078C}.Release|ARM.ActiveCfg = Release|ARM
		{CD2ED17A-5BF3-43DB-9EEF-CB7C8DA6078C}.Release|ARM.Build.0 = Release|ARM
		{CD2ED17A-5BF3-43DB-9EEF-CB7C8DA6078C}.Release|ARM.Deploy.0 = Release|ARM
		{CD2ED17A-5BF3-43DB-9EEF-CB7C8DA6078C}.Release|ARM64.ActiveCfg = Release|ARM64
		{CD2ED17A-5BF3-43DB-9EEF-CB7C8DA6078C}.Release|ARM64.Build.0 = Release|ARM64
		{CD2ED17A-5BF3-43DB-9EEF-CB7C8DA6078C}.Release|ARM64.Deploy.0 = Release|ARM64
		{CD2ED17A-5BF3-43DB-9EEF-CB7C8DA6078C}.Release|x64.ActiveCfg = Release|x64
		{CD2ED17A-5BF3-43DB-9EEF-CB7C8DA6078C}.Release|x64.Build.0 = Release|x64
		{CD2ED17A-5BF3-43DB-9EEF-CB7C8DA6078C}.Release|x64.Deploy.0 = Release|x64
		{CD2ED17A-5BF3-43DB-9EEF-CB7C8DA6078C}.Release|x86.ActiveCfg = Release|x86
		{CD2ED17A-5BF3-43DB-9EEF-CB7C8DA6078C}.Release|x86.Build.0 = Release|x86
		{CD2ED17A-5BF3-43DB-9EEF-CB7C8DA6078C}.Release|x86.Deploy.0 = Release|x86
		{585A3370-FCBB-4A54-97C3-729EE1B0BF29}.Debug|Any CPU.ActiveCfg = Debug|Any CPU
		{585A3370-FCBB-4A54-97C3-729EE1B0BF29}.Debug|Any CPU.Build.0 = Debug|Any CPU
		{585A3370-FCBB-4A54-97C3-729EE1B0BF29}.Debug|ARM.ActiveCfg = Debug|Any CPU
		{585A3370-FCBB-4A54-97C3-729EE1B0BF29}.Debug|ARM.Build.0 = Debug|Any CPU
		{585A3370-FCBB-4A54-97C3-729EE1B0BF29}.Debug|ARM64.ActiveCfg = Debug|Any CPU
		{585A3370-FCBB-4A54-97C3-729EE1B0BF29}.Debug|ARM64.Build.0 = Debug|Any CPU
		{585A3370-FCBB-4A54-97C3-729EE1B0BF29}.Debug|x64.ActiveCfg = Debug|x64
		{585A3370-FCBB-4A54-97C3-729EE1B0BF29}.Debug|x64.Build.0 = Debug|x64
		{585A3370-FCBB-4A54-97C3-729EE1B0BF29}.Debug|x86.ActiveCfg = Debug|Any CPU
		{585A3370-FCBB-4A54-97C3-729EE1B0BF29}.Debug|x86.Build.0 = Debug|Any CPU
		{585A3370-FCBB-4A54-97C3-729EE1B0BF29}.Release|Any CPU.ActiveCfg = Release|Any CPU
		{585A3370-FCBB-4A54-97C3-729EE1B0BF29}.Release|Any CPU.Build.0 = Release|Any CPU
		{585A3370-FCBB-4A54-97C3-729EE1B0BF29}.Release|ARM.ActiveCfg = Release|Any CPU
		{585A3370-FCBB-4A54-97C3-729EE1B0BF29}.Release|ARM.Build.0 = Release|Any CPU
		{585A3370-FCBB-4A54-97C3-729EE1B0BF29}.Release|ARM64.ActiveCfg = Release|Any CPU
		{585A3370-FCBB-4A54-97C3-729EE1B0BF29}.Release|ARM64.Build.0 = Release|Any CPU
		{585A3370-FCBB-4A54-97C3-729EE1B0BF29}.Release|x64.ActiveCfg = Release|x64
		{585A3370-FCBB-4A54-97C3-729EE1B0BF29}.Release|x64.Build.0 = Release|x64
		{585A3370-FCBB-4A54-97C3-729EE1B0BF29}.Release|x86.ActiveCfg = Release|Any CPU
		{585A3370-FCBB-4A54-97C3-729EE1B0BF29}.Release|x86.Build.0 = Release|Any CPU
		{2EC30A7A-EE5B-417E-A582-D822D8EFE5BB}.Debug|Any CPU.ActiveCfg = Debug|Any CPU
		{2EC30A7A-EE5B-417E-A582-D822D8EFE5BB}.Debug|Any CPU.Build.0 = Debug|Any CPU
		{2EC30A7A-EE5B-417E-A582-D822D8EFE5BB}.Debug|ARM.ActiveCfg = Debug|Any CPU
		{2EC30A7A-EE5B-417E-A582-D822D8EFE5BB}.Debug|ARM.Build.0 = Debug|Any CPU
		{2EC30A7A-EE5B-417E-A582-D822D8EFE5BB}.Debug|ARM64.ActiveCfg = Debug|Any CPU
		{2EC30A7A-EE5B-417E-A582-D822D8EFE5BB}.Debug|ARM64.Build.0 = Debug|Any CPU
		{2EC30A7A-EE5B-417E-A582-D822D8EFE5BB}.Debug|x64.ActiveCfg = Debug|x64
		{2EC30A7A-EE5B-417E-A582-D822D8EFE5BB}.Debug|x64.Build.0 = Debug|x64
		{2EC30A7A-EE5B-417E-A582-D822D8EFE5BB}.Debug|x86.ActiveCfg = Debug|Any CPU
		{2EC30A7A-EE5B-417E-A582-D822D8EFE5BB}.Debug|x86.Build.0 = Debug|Any CPU
		{2EC30A7A-EE5B-417E-A582-D822D8EFE5BB}.Release|Any CPU.ActiveCfg = Release|Any CPU
		{2EC30A7A-EE5B-417E-A582-D822D8EFE5BB}.Release|Any CPU.Build.0 = Release|Any CPU
		{2EC30A7A-EE5B-417E-A582-D822D8EFE5BB}.Release|ARM.ActiveCfg = Release|Any CPU
		{2EC30A7A-EE5B-417E-A582-D822D8EFE5BB}.Release|ARM.Build.0 = Release|Any CPU
		{2EC30A7A-EE5B-417E-A582-D822D8EFE5BB}.Release|ARM64.ActiveCfg = Release|Any CPU
		{2EC30A7A-EE5B-417E-A582-D822D8EFE5BB}.Release|ARM64.Build.0 = Release|Any CPU
		{2EC30A7A-EE5B-417E-A582-D822D8EFE5BB}.Release|x64.ActiveCfg = Release|x64
		{2EC30A7A-EE5B-417E-A582-D822D8EFE5BB}.Release|x64.Build.0 = Release|x64
		{2EC30A7A-EE5B-417E-A582-D822D8EFE5BB}.Release|x86.ActiveCfg = Release|Any CPU
		{2EC30A7A-EE5B-417E-A582-D822D8EFE5BB}.Release|x86.Build.0 = Release|Any CPU
		{A828846C-3D34-4BA8-BE99-46B61EE4F852}.Debug|Any CPU.ActiveCfg = Debug|Any CPU
		{A828846C-3D34-4BA8-BE99-46B61EE4F852}.Debug|Any CPU.Build.0 = Debug|Any CPU
		{A828846C-3D34-4BA8-BE99-46B61EE4F852}.Debug|ARM.ActiveCfg = Debug|Any CPU
		{A828846C-3D34-4BA8-BE99-46B61EE4F852}.Debug|ARM.Build.0 = Debug|Any CPU
		{A828846C-3D34-4BA8-BE99-46B61EE4F852}.Debug|ARM64.ActiveCfg = Debug|Any CPU
		{A828846C-3D34-4BA8-BE99-46B61EE4F852}.Debug|ARM64.Build.0 = Debug|Any CPU
		{A828846C-3D34-4BA8-BE99-46B61EE4F852}.Debug|x64.ActiveCfg = Debug|x64
		{A828846C-3D34-4BA8-BE99-46B61EE4F852}.Debug|x64.Build.0 = Debug|x64
		{A828846C-3D34-4BA8-BE99-46B61EE4F852}.Debug|x86.ActiveCfg = Debug|Any CPU
		{A828846C-3D34-4BA8-BE99-46B61EE4F852}.Debug|x86.Build.0 = Debug|Any CPU
		{A828846C-3D34-4BA8-BE99-46B61EE4F852}.Release|Any CPU.ActiveCfg = Release|Any CPU
		{A828846C-3D34-4BA8-BE99-46B61EE4F852}.Release|Any CPU.Build.0 = Release|Any CPU
		{A828846C-3D34-4BA8-BE99-46B61EE4F852}.Release|ARM.ActiveCfg = Release|Any CPU
		{A828846C-3D34-4BA8-BE99-46B61EE4F852}.Release|ARM.Build.0 = Release|Any CPU
		{A828846C-3D34-4BA8-BE99-46B61EE4F852}.Release|ARM64.ActiveCfg = Release|Any CPU
		{A828846C-3D34-4BA8-BE99-46B61EE4F852}.Release|ARM64.Build.0 = Release|Any CPU
		{A828846C-3D34-4BA8-BE99-46B61EE4F852}.Release|x64.ActiveCfg = Release|x64
		{A828846C-3D34-4BA8-BE99-46B61EE4F852}.Release|x64.Build.0 = Release|x64
		{A828846C-3D34-4BA8-BE99-46B61EE4F852}.Release|x86.ActiveCfg = Release|Any CPU
		{A828846C-3D34-4BA8-BE99-46B61EE4F852}.Release|x86.Build.0 = Release|Any CPU
	EndGlobalSection
	GlobalSection(SolutionProperties) = preSolution
		HideSolutionNode = FALSE
	EndGlobalSection
	GlobalSection(ExtensibilityGlobals) = postSolution
		SolutionGuid = {0ECDD2C1-B3DB-49D8-9E08-633FC31116AC}
	EndGlobalSection
EndGlobal
